
Microsoft Visual Studio Solution File, Format Version 12.00
# Visual Studio 14
VisualStudioVersion = 14.0.25420.1
MinimumVisualStudioVersion = 10.0.40219.1
Project("{FAE04EC0-301F-11D3-BF4B-00C04F79EFBC}") = "MySource", "MySource\MySource.csproj", "{37E37D26-DF78-456F-A366-B2EAD4363A69}"
EndProject
Project("{FAE04EC0-301F-11D3-BF4B-00C04F79EFBC}") = "CalculatorTests", "CalculatorTests\CalculatorTests.csproj", "{095A53A1-4593-4FE6-A4DC-E22CDB4A8568}"
EndProject
Global
	GlobalSection(SolutionConfigurationPlatforms) = preSolution
		Debug|Any CPU = Debug|Any CPU
		Release|Any CPU = Release|Any CPU
	EndGlobalSection
	GlobalSection(ProjectConfigurationPlatforms) = postSolution
		{37E37D26-DF78-456F-A366-B2EAD4363A69}.Debug|Any CPU.ActiveCfg = Debug|Any CPU
		{37E37D26-DF78-456F-A366-B2EAD4363A69}.Debug|Any CPU.Build.0 = Debug|Any CPU
		{37E37D26-DF78-456F-A366-B2EAD4363A69}.Release|Any CPU.ActiveCfg = Release|Any CPU
		{37E37D26-DF78-456F-A366-B2EAD4363A69}.Release|Any CPU.Build.0 = Release|Any CPU
		{095A53A1-4593-4FE6-A4DC-E22CDB4A8568}.Debug|Any CPU.ActiveCfg = Debug|Any CPU
		{095A53A1-4593-4FE6-A4DC-E22CDB4A8568}.Debug|Any CPU.Build.0 = Debug|Any CPU
		{095A53A1-4593-4FE6-A4DC-E22CDB4A8568}.Release|Any CPU.ActiveCfg = Release|Any CPU
		{095A53A1-4593-4FE6-A4DC-E22CDB4A8568}.Release|Any CPU.Build.0 = Release|Any CPU
	EndGlobalSection
	GlobalSection(SolutionProperties) = preSolution
		HideSolutionNode = FALSE
	EndGlobalSection
EndGlobal
